
Microsoft Visual Studio Solution File, Format Version 12.00
# Visual Studio Version 16
VisualStudioVersion = 16.0.29411.108
MinimumVisualStudioVersion = 10.0.40219.1
Project("{FAE04EC0-301F-11D3-BF4B-00C04F79EFBC}") = "Ejercicio_02", "Ejercicio_02\Ejercicio_02.csproj", "{9C985976-B984-4898-8685-16B34A35D77A}"
EndProject
Global
	GlobalSection(SolutionConfigurationPlatforms) = preSolution
		Debug|Any CPU = Debug|Any CPU
		Release|Any CPU = Release|Any CPU
	EndGlobalSection
	GlobalSection(ProjectConfigurationPlatforms) = postSolution
		{9C985976-B984-4898-8685-16B34A35D77A}.Debug|Any CPU.ActiveCfg = Debug|Any CPU
		{9C985976-B984-4898-8685-16B34A35D77A}.Debug|Any CPU.Build.0 = Debug|Any CPU
		{9C985976-B984-4898-8685-16B34A35D77A}.Release|Any CPU.ActiveCfg = Release|Any CPU
		{9C985976-B984-4898-8685-16B34A35D77A}.Release|Any CPU.Build.0 = Release|Any CPU
	EndGlobalSection
	GlobalSection(SolutionProperties) = preSolution
		HideSolutionNode = FALSE
	EndGlobalSection
	GlobalSection(ExtensibilityGlobals) = postSolution
		SolutionGuid = {95DD33CB-6F24-4726-9041-E4392FFCF667}
	EndGlobalSection
EndGlobal
